
Microsoft Visual Studio Solution File, Format Version 12.00
# Visual Studio 15
VisualStudioVersion = 15.0.28307.757
MinimumVisualStudioVersion = 10.0.40219.1
Project("{9A19103F-16F7-4668-BE54-9A1E7A4F7556}") = "Senai.Ekips.WebApi", "Senai.Ekips.WebApi.\Senai.Ekips.WebApi.csproj", "{B784582D-F202-4A4A-8994-0A6860F19A95}"
EndProject
Global
	GlobalSection(SolutionConfigurationPlatforms) = preSolution
		Debug|Any CPU = Debug|Any CPU
		Release|Any CPU = Release|Any CPU
	EndGlobalSection
	GlobalSection(ProjectConfigurationPlatforms) = postSolution
		{B784582D-F202-4A4A-8994-0A6860F19A95}.Debug|Any CPU.ActiveCfg = Debug|Any CPU
		{B784582D-F202-4A4A-8994-0A6860F19A95}.Debug|Any CPU.Build.0 = Debug|Any CPU
		{B784582D-F202-4A4A-8994-0A6860F19A95}.Release|Any CPU.ActiveCfg = Release|Any CPU
		{B784582D-F202-4A4A-8994-0A6860F19A95}.Release|Any CPU.Build.0 = Release|Any CPU
	EndGlobalSection
	GlobalSection(SolutionProperties) = preSolution
		HideSolutionNode = FALSE
	EndGlobalSection
	GlobalSection(ExtensibilityGlobals) = postSolution
		SolutionGuid = {0FA8E78E-95C0-45D4-94A5-2211A6252D22}
	EndGlobalSection
EndGlobal
